// !$*UTF8*$!
{
	archiveVersion = 1;
	classes = {
	};
	objectVersion = 55;
	objects = {

/* Begin PBXBuildFile section */
		B37BCD5B2757A6FC007CA1AB /* AppDelegate.swift in Sources */ = {isa = PBXBuildFile; fileRef = B37BCD5A2757A6FC007CA1AB /* AppDelegate.swift */; };
		B37BCD5D2757A6FC007CA1AB /* SceneDelegate.swift in Sources */ = {isa = PBXBuildFile; fileRef = B37BCD5C2757A6FC007CA1AB /* SceneDelegate.swift */; };
		B37BCD5F2757A6FC007CA1AB /* ViewController.swift in Sources */ = {isa = PBXBuildFile; fileRef = B37BCD5E2757A6FC007CA1AB /* ViewController.swift */; };
		B37BCD622757A6FC007CA1AB /* Main.storyboard in Resources */ = {isa = PBXBuildFile; fileRef = B37BCD602757A6FC007CA1AB /* Main.storyboard */; };
		B37BCD642757A6FE007CA1AB /* Assets.xcassets in Resources */ = {isa = PBXBuildFile; fileRef = B37BCD632757A6FE007CA1AB /* Assets.xcassets */; };
		B37BCD672757A6FE007CA1AB /* LaunchScreen.storyboard in Resources */ = {isa = PBXBuildFile; fileRef = B37BCD652757A6FE007CA1AB /* LaunchScreen.storyboard */; };
		B37BCD722757A6FE007CA1AB /* MyDietDiaryApp2Tests.swift in Sources */ = {isa = PBXBuildFile; fileRef = B37BCD712757A6FE007CA1AB /* MyDietDiaryApp2Tests.swift */; };
		B37BCD7C2757A6FE007CA1AB /* MyDietDiaryApp2UITests.swift in Sources */ = {isa = PBXBuildFile; fileRef = B37BCD7B2757A6FE007CA1AB /* MyDietDiaryApp2UITests.swift */; };
		B37BCD7E2757A6FE007CA1AB /* MyDietDiaryApp2UITestsLaunchTests.swift in Sources */ = {isa = PBXBuildFile; fileRef = B37BCD7D2757A6FE007CA1AB /* MyDietDiaryApp2UITestsLaunchTests.swift */; };
		B37BCD8B2757A82B007CA1AB /* MainTabBarController.swift in Sources */ = {isa = PBXBuildFile; fileRef = B37BCD8A2757A82B007CA1AB /* MainTabBarController.swift */; };
		B37BCD8D2757A8E8007CA1AB /* CalendarViewController.swift in Sources */ = {isa = PBXBuildFile; fileRef = B37BCD8C2757A8E8007CA1AB /* CalendarViewController.swift */; };
		B37BCD912757A9A6007CA1AB /* GraphViewController.swift in Sources */ = {isa = PBXBuildFile; fileRef = B37BCD902757A9A6007CA1AB /* GraphViewController.swift */; };
/* End PBXBuildFile section */

/* Begin PBXContainerItemProxy section */
		B37BCD6E2757A6FE007CA1AB /* PBXContainerItemProxy */ = {
			isa = PBXContainerItemProxy;
			containerPortal = B37BCD4F2757A6FC007CA1AB /* Project object */;
			proxyType = 1;
			remoteGlobalIDString = B37BCD562757A6FC007CA1AB;
			remoteInfo = MyDietDiaryApp2;
		};
		B37BCD782757A6FE007CA1AB /* PBXContainerItemProxy */ = {
			isa = PBXContainerItemProxy;
			containerPortal = B37BCD4F2757A6FC007CA1AB /* Project object */;
			proxyType = 1;
			remoteGlobalIDString = B37BCD562757A6FC007CA1AB;
			remoteInfo = MyDietDiaryApp2;
		};
/* End PBXContainerItemProxy section */

/* Begin PBXFileReference section */
		B37BCD572757A6FC007CA1AB /* MyDietDiaryApp2.app */ = {isa = PBXFileReference; explicitFileType = wrapper.application; includeInIndex = 0; path = MyDietDiaryApp2.app; sourceTree = BUILT_PRODUCTS_DIR; };
		B37BCD5A2757A6FC007CA1AB /* AppDelegate.swift */ = {isa = PBXFileReference; lastKnownFileType = sourcecode.swift; path = AppDelegate.swift; sourceTree = "<group>"; };
		B37BCD5C2757A6FC007CA1AB /* SceneDelegate.swift */ = {isa = PBXFileReference; lastKnownFileType = sourcecode.swift; path = SceneDelegate.swift; sourceTree = "<group>"; };
		B37BCD5E2757A6FC007CA1AB /* ViewController.swift */ = {isa = PBXFileReference; lastKnownFileType = sourcecode.swift; path = ViewController.swift; sourceTree = "<group>"; };
		B37BCD612757A6FC007CA1AB /* Base */ = {isa = PBXFileReference; lastKnownFileType = file.storyboard; name = Base; path = Base.lproj/Main.storyboard; sourceTree = "<group>"; };
		B37BCD632757A6FE007CA1AB /* Assets.xcassets */ = {isa = PBXFileReference; lastKnownFileType = folder.assetcatalog; path = Assets.xcassets; sourceTree = "<group>"; };
		B37BCD662757A6FE007CA1AB /* Base */ = {isa = PBXFileReference; lastKnownFileType = file.storyboard; name = Base; path = Base.lproj/LaunchScreen.storyboard; sourceTree = "<group>"; };
		B37BCD682757A6FE007CA1AB /* Info.plist */ = {isa = PBXFileReference; lastKnownFileType = text.plist.xml; path = Info.plist; sourceTree = "<group>"; };
		B37BCD6D2757A6FE007CA1AB /* MyDietDiaryApp2Tests.xctest */ = {isa = PBXFileReference; explicitFileType = wrapper.cfbundle; includeInIndex = 0; path = MyDietDiaryApp2Tests.xctest; sourceTree = BUILT_PRODUCTS_DIR; };
		B37BCD712757A6FE007CA1AB /* MyDietDiaryApp2Tests.swift */ = {isa = PBXFileReference; lastKnownFileType = sourcecode.swift; path = MyDietDiaryApp2Tests.swift; sourceTree = "<group>"; };
		B37BCD772757A6FE007CA1AB /* MyDietDiaryApp2UITests.xctest */ = {isa = PBXFileReference; explicitFileType = wrapper.cfbundle; includeInIndex = 0; path = MyDietDiaryApp2UITests.xctest; sourceTree = BUILT_PRODUCTS_DIR; };
		B37BCD7B2757A6FE007CA1AB /* MyDietDiaryApp2UITests.swift */ = {isa = PBXFileReference; lastKnownFileType = sourcecode.swift; path = MyDietDiaryApp2UITests.swift; sourceTree = "<group>"; };
		B37BCD7D2757A6FE007CA1AB /* MyDietDiaryApp2UITestsLaunchTests.swift */ = {isa = PBXFileReference; lastKnownFileType = sourcecode.swift; path = MyDietDiaryApp2UITestsLaunchTests.swift; sourceTree = "<group>"; };
		B37BCD8A2757A82B007CA1AB /* MainTabBarController.swift */ = {isa = PBXFileReference; lastKnownFileType = sourcecode.swift; path = MainTabBarController.swift; sourceTree = "<group>"; };
		B37BCD8C2757A8E8007CA1AB /* CalendarViewController.swift */ = {isa = PBXFileReference; lastKnownFileType = sourcecode.swift; path = CalendarViewController.swift; sourceTree = "<group>"; };
		B37BCD902757A9A6007CA1AB /* GraphViewController.swift */ = {isa = PBXFileReference; lastKnownFileType = sourcecode.swift; path = GraphViewController.swift; sourceTree = "<group>"; };
/* End PBXFileReference section */

/* Begin PBXFrameworksBuildPhase section */
		B37BCD542757A6FC007CA1AB /* Frameworks */ = {
			isa = PBXFrameworksBuildPhase;
			buildActionMask = 2147483647;
			files = (
			);
			runOnlyForDeploymentPostprocessing = 0;
		};
		B37BCD6A2757A6FE007CA1AB /* Frameworks */ = {
			isa = PBXFrameworksBuildPhase;
			buildActionMask = 2147483647;
			files = (
			);
			runOnlyForDeploymentPostprocessing = 0;
		};
		B37BCD742757A6FE007CA1AB /* Frameworks */ = {
			isa = PBXFrameworksBuildPhase;
			buildActionMask = 2147483647;
			files = (
			);
			runOnlyForDeploymentPostprocessing = 0;
		};
/* End PBXFrameworksBuildPhase section */

/* Begin PBXGroup section */
		B37BCD4E2757A6FC007CA1AB = {
			isa = PBXGroup;
			children = (
				B37BCD592757A6FC007CA1AB /* MyDietDiaryApp2 */,
				B37BCD702757A6FE007CA1AB /* MyDietDiaryApp2Tests */,
				B37BCD7A2757A6FE007CA1AB /* MyDietDiaryApp2UITests */,
				B37BCD582757A6FC007CA1AB /* Products */,
			);
			sourceTree = "<group>";
		};
		B37BCD582757A6FC007CA1AB /* Products */ = {
			isa = PBXGroup;
			children = (
				B37BCD572757A6FC007CA1AB /* MyDietDiaryApp2.app */,
				B37BCD6D2757A6FE007CA1AB /* MyDietDiaryApp2Tests.xctest */,
				B37BCD772757A6FE007CA1AB /* MyDietDiaryApp2UITests.xctest */,
			);
			name = Products;
			sourceTree = "<group>";
		};
		B37BCD592757A6FC007CA1AB /* MyDietDiaryApp2 */ = {
			isa = PBXGroup;
			children = (
				B37BCD5A2757A6FC007CA1AB /* AppDelegate.swift */,
				B37BCD5C2757A6FC007CA1AB /* SceneDelegate.swift */,
				B37BCD5E2757A6FC007CA1AB /* ViewController.swift */,
				B37BCD602757A6FC007CA1AB /* Main.storyboard */,
				B37BCD632757A6FE007CA1AB /* Assets.xcassets */,
				B37BCD652757A6FE007CA1AB /* LaunchScreen.storyboard */,
				B37BCD682757A6FE007CA1AB /* Info.plist */,
				B37BCD8A2757A82B007CA1AB /* MainTabBarController.swift */,
				B37BCD902757A9A6007CA1AB /* GraphViewController.swift */,
				B37BCD8C2757A8E8007CA1AB /* CalendarViewController.swift */,
			);
			path = MyDietDiaryApp2;
			sourceTree = "<group>";
		};
		B37BCD702757A6FE007CA1AB /* MyDietDiaryApp2Tests */ = {
			isa = PBXGroup;
			children = (
				B37BCD712757A6FE007CA1AB /* MyDietDiaryApp2Tests.swift */,
			);
			path = MyDietDiaryApp2Tests;
			sourceTree = "<group>";
		};
		B37BCD7A2757A6FE007CA1AB /* MyDietDiaryApp2UITests */ = {
			isa = PBXGroup;
			children = (
				B37BCD7B2757A6FE007CA1AB /* MyDietDiaryApp2UITests.swift */,
				B37BCD7D2757A6FE007CA1AB /* MyDietDiaryApp2UITestsLaunchTests.swift */,
			);
			path = MyDietDiaryApp2UITests;
			sourceTree = "<group>";
		};
/* End PBXGroup section */

/* Begin PBXNativeTarget section */
		B37BCD562757A6FC007CA1AB /* MyDietDiaryApp2 */ = {
			isa = PBXNativeTarget;
			buildConfigurationList = B37BCD812757A6FE007CA1AB /* Build configuration list for PBXNativeTarget "MyDietDiaryApp2" */;
			buildPhases = (
				B37BCD532757A6FC007CA1AB /* Sources */,
				B37BCD542757A6FC007CA1AB /* Frameworks */,
				B37BCD552757A6FC007CA1AB /* Resources */,
			);
			buildRules = (
			);
			dependencies = (
			);
			name = MyDietDiaryApp2;
			productName = MyDietDiaryApp2;
			productReference = B37BCD572757A6FC007CA1AB /* MyDietDiaryApp2.app */;
			productType = "com.apple.product-type.application";
		};
		B37BCD6C2757A6FE007CA1AB /* MyDietDiaryApp2Tests */ = {
			isa = PBXNativeTarget;
			buildConfigurationList = B37BCD842757A6FE007CA1AB /* Build configuration list for PBXNativeTarget "MyDietDiaryApp2Tests" */;
			buildPhases = (
				B37BCD692757A6FE007CA1AB /* Sources */,
				B37BCD6A2757A6FE007CA1AB /* Frameworks */,
				B37BCD6B2757A6FE007CA1AB /* Resources */,
			);
			buildRules = (
			);
			dependencies = (
				B37BCD6F2757A6FE007CA1AB /* PBXTargetDependency */,
			);
			name = MyDietDiaryApp2Tests;
			productName = MyDietDiaryApp2Tests;
			productReference = B37BCD6D2757A6FE007CA1AB /* MyDietDiaryApp2Tests.xctest */;
			productType = "com.apple.product-type.bundle.unit-test";
		};
		B37BCD762757A6FE007CA1AB /* MyDietDiaryApp2UITests */ = {
			isa = PBXNativeTarget;
			buildConfigurationList = B37BCD872757A6FE007CA1AB /* Build configuration list for PBXNativeTarget "MyDietDiaryApp2UITests" */;
			buildPhases = (
				B37BCD732757A6FE007CA1AB /* Sources */,
				B37BCD742757A6FE007CA1AB /* Frameworks */,
				B37BCD752757A6FE007CA1AB /* Resources */,
			);
			buildRules = (
			);
			dependencies = (
				B37BCD792757A6FE007CA1AB /* PBXTargetDependency */,
			);
			name = MyDietDiaryApp2UITests;
			productName = MyDietDiaryApp2UITests;
			productReference = B37BCD772757A6FE007CA1AB /* MyDietDiaryApp2UITests.xctest */;
			productType = "com.apple.product-type.bundle.ui-testing";
		};
/* End PBXNativeTarget section */

/* Begin PBXProject section */
		B37BCD4F2757A6FC007CA1AB /* Project object */ = {
			isa = PBXProject;
			attributes = {
				BuildIndependentTargetsInParallel = 1;
				LastSwiftUpdateCheck = 1310;
				LastUpgradeCheck = 1310;
				TargetAttributes = {
					B37BCD562757A6FC007CA1AB = {
						CreatedOnToolsVersion = 13.1;
					};
					B37BCD6C2757A6FE007CA1AB = {
						CreatedOnToolsVersion = 13.1;
						TestTargetID = B37BCD562757A6FC007CA1AB;
					};
					B37BCD762757A6FE007CA1AB = {
						CreatedOnToolsVersion = 13.1;
						TestTargetID = B37BCD562757A6FC007CA1AB;
					};
				};
			};
			buildConfigurationList = B37BCD522757A6FC007CA1AB /* Build configuration list for PBXProject "MyDietDiaryApp2" */;
			compatibilityVersion = "Xcode 13.0";
			developmentRegion = en;
			hasScannedForEncodings = 0;
			knownRegions = (
				en,
				Base,
			);
			mainGroup = B37BCD4E2757A6FC007CA1AB;
			productRefGroup = B37BCD582757A6FC007CA1AB /* Products */;
			projectDirPath = "";
			projectRoot = "";
			targets = (
				B37BCD562757A6FC007CA1AB /* MyDietDiaryApp2 */,
				B37BCD6C2757A6FE007CA1AB /* MyDietDiaryApp2Tests */,
				B37BCD762757A6FE007CA1AB /* MyDietDiaryApp2UITests */,
			);
		};
/* End PBXProject section */

/* Begin PBXResourcesBuildPhase section */
		B37BCD552757A6FC007CA1AB /* Resources */ = {
			isa = PBXResourcesBuildPhase;
			buildActionMask = 2147483647;
			files = (
				B37BCD672757A6FE007CA1AB /* LaunchScreen.storyboard in Resources */,
				B37BCD642757A6FE007CA1AB /* Assets.xcassets in Resources */,
				B37BCD622757A6FC007CA1AB /* Main.storyboard in Resources */,
			);
			runOnlyForDeploymentPostprocessing = 0;
		};
		B37BCD6B2757A6FE007CA1AB /* Resources */ = {
			isa = PBXResourcesBuildPhase;
			buildActionMask = 2147483647;
			files = (
			);
			runOnlyForDeploymentPostprocessing = 0;
		};
		B37BCD752757A6FE007CA1AB /* Resources */ = {
			isa = PBXResourcesBuildPhase;
			buildActionMask = 2147483647;
			files = (
			);
			runOnlyForDeploymentPostprocessing = 0;
		};
/* End PBXResourcesBuildPhase section */

/* Begin PBXSourcesBuildPhase section */
		B37BCD532757A6FC007CA1AB /* Sources */ = {
			isa = PBXSourcesBuildPhase;
			buildActionMask = 2147483647;
			files = (
				B37BCD8D2757A8E8007CA1AB /* CalendarViewController.swift in Sources */,
				B37BCD5F2757A6FC007CA1AB /* ViewController.swift in Sources */,
				B37BCD5B2757A6FC007CA1AB /* AppDelegate.swift in Sources */,
				B37BCD912757A9A6007CA1AB /* GraphViewController.swift in Sources */,
				B37BCD8B2757A82B007CA1AB /* MainTabBarController.swift in Sources */,
				B37BCD5D2757A6FC007CA1AB /* SceneDelegate.swift in Sources */,
			);
			runOnlyForDeploymentPostprocessing = 0;
		};
		B37BCD692757A6FE007CA1AB /* Sources */ = {
			isa = PBXSourcesBuildPhase;
			buildActionMask = 2147483647;
			files = (
				B37BCD722757A6FE007CA1AB /* MyDietDiaryApp2Tests.swift in Sources */,
			);
			runOnlyForDeploymentPostprocessing = 0;
		};
		B37BCD732757A6FE007CA1AB /* Sources */ = {
			isa = PBXSourcesBuildPhase;
			buildActionMask = 2147483647;
			files = (
				B37BCD7C2757A6FE007CA1AB /* MyDietDiaryApp2UITests.swift in Sources */,
				B37BCD7E2757A6FE007CA1AB /* MyDietDiaryApp2UITestsLaunchTests.swift in Sources */,
			);
			runOnlyForDeploymentPostprocessing = 0;
		};
/* End PBXSourcesBuildPhase section */

/* Begin PBXTargetDependency section */
		B37BCD6F2757A6FE007CA1AB /* PBXTargetDependency */ = {
			isa = PBXTargetDependency;
			target = B37BCD562757A6FC007CA1AB /* MyDietDiaryApp2 */;
			targetProxy = B37BCD6E2757A6FE007CA1AB /* PBXContainerItemProxy */;
		};
		B37BCD792757A6FE007CA1AB /* PBXTargetDependency */ = {
			isa = PBXTargetDependency;
			target = B37BCD562757A6FC007CA1AB /* MyDietDiaryApp2 */;
			targetProxy = B37BCD782757A6FE007CA1AB /* PBXContainerItemProxy */;
		};
/* End PBXTargetDependency section */

/* Begin PBXVariantGroup section */
		B37BCD602757A6FC007CA1AB /* Main.storyboard */ = {
			isa = PBXVariantGroup;
			children = (
				B37BCD612757A6FC007CA1AB /* Base */,
			);
			name = Main.storyboard;
			sourceTree = "<group>";
		};
		B37BCD652757A6FE007CA1AB /* LaunchScreen.storyboard */ = {
			isa = PBXVariantGroup;
			children = (
				B37BCD662757A6FE007CA1AB /* Base */,
			);
			name = LaunchScreen.storyboard;
			sourceTree = "<group>";
		};
/* End PBXVariantGroup section */

/* Begin XCBuildConfiguration section */
		B37BCD7F2757A6FE007CA1AB /* Debug */ = {
			isa = XCBuildConfiguration;
			buildSettings = {
				ALWAYS_SEARCH_USER_PATHS = NO;
				CLANG_ANALYZER_NONNULL = YES;
				CLANG_ANALYZER_NUMBER_OBJECT_CONVERSION = YES_AGGRESSIVE;
				CLANG_CXX_LANGUAGE_STANDARD = "gnu++17";
				CLANG_CXX_LIBRARY = "libc++";
				CLANG_ENABLE_MODULES = YES;
				CLANG_ENABLE_OBJC_ARC = YES;
				CLANG_ENABLE_OBJC_WEAK = YES;
				CLANG_WARN_BLOCK_CAPTURE_AUTORELEASING = YES;
				CLANG_WARN_BOOL_CONVERSION = YES;
				CLANG_WARN_COMMA = YES;
				CLANG_WARN_CONSTANT_CONVERSION = YES;
				CLANG_WARN_DEPRECATED_OBJC_IMPLEMENTATIONS = YES;
				CLANG_WARN_DIRECT_OBJC_ISA_USAGE = YES_ERROR;
				CLANG_WARN_DOCUMENTATION_COMMENTS = YES;
				CLANG_WARN_EMPTY_BODY = YES;
				CLANG_WARN_ENUM_CONVERSION = YES;
				CLANG_WARN_INFINITE_RECURSION = YES;
				CLANG_WARN_INT_CONVERSION = YES;
				CLANG_WARN_NON_LITERAL_NULL_CONVERSION = YES;
				CLANG_WARN_OBJC_IMPLICIT_RETAIN_SELF = YES;
				CLANG_WARN_OBJC_LITERAL_CONVERSION = YES;
				CLANG_WARN_OBJC_ROOT_CLASS = YES_ERROR;
				CLANG_WARN_QUOTED_INCLUDE_IN_FRAMEWORK_HEADER = YES;
				CLANG_WARN_RANGE_LOOP_ANALYSIS = YES;
				CLANG_WARN_STRICT_PROTOTYPES = YES;
				CLANG_WARN_SUSPICIOUS_MOVE = YES;
				CLANG_WARN_UNGUARDED_AVAILABILITY = YES_AGGRESSIVE;
				CLANG_WARN_UNREACHABLE_CODE = YES;
				CLANG_WARN__DUPLICATE_METHOD_MATCH = YES;
				COPY_PHASE_STRIP = NO;
				DEBUG_INFORMATION_FORMAT = dwarf;
				ENABLE_STRICT_OBJC_MSGSEND = YES;
				ENABLE_TESTABILITY = YES;
				GCC_C_LANGUAGE_STANDARD = gnu11;
				GCC_DYNAMIC_NO_PIC = NO;
				GCC_NO_COMMON_BLOCKS = YES;
				GCC_OPTIMIZATION_LEVEL = 0;
				GCC_PREPROCESSOR_DEFINITIONS = (
					"DEBUG=1",
					"$(inherited)",
				);
				GCC_WARN_64_TO_32_BIT_CONVERSION = YES;
				GCC_WARN_ABOUT_RETURN_TYPE = YES_ERROR;
				GCC_WARN_UNDECLARED_SELECTOR = YES;
				GCC_WARN_UNINITIALIZED_AUTOS = YES_AGGRESSIVE;
				GCC_WARN_UNUSED_FUNCTION = YES;
				GCC_WARN_UNUSED_VARIABLE = YES;
				IPHONEOS_DEPLOYMENT_TARGET = 15.0;
				MTL_ENABLE_DEBUG_INFO = INCLUDE_SOURCE;
				MTL_FAST_MATH = YES;
				ONLY_ACTIVE_ARCH = YES;
				SDKROOT = iphoneos;
				SWIFT_ACTIVE_COMPILATION_CONDITIONS = DEBUG;
				SWIFT_OPTIMIZATION_LEVEL = "-Onone";
			};
			name = Debug;
		};
		B37BCD802757A6FE007CA1AB /* Release */ = {
			isa = XCBuildConfiguration;
			buildSettings = {
				ALWAYS_SEARCH_USER_PATHS = NO;
				CLANG_ANALYZER_NONNULL = YES;
				CLANG_ANALYZER_NUMBER_OBJECT_CONVERSION = YES_AGGRESSIVE;
				CLANG_CXX_LANGUAGE_STANDARD = "gnu++17";
				CLANG_CXX_LIBRARY = "libc++";
				CLANG_ENABLE_MODULES = YES;
				CLANG_ENABLE_OBJC_ARC = YES;
				CLANG_ENABLE_OBJC_WEAK = YES;
				CLANG_WARN_BLOCK_CAPTURE_AUTORELEASING = YES;
				CLANG_WARN_BOOL_CONVERSION = YES;
				CLANG_WARN_COMMA = YES;
				CLANG_WARN_CONSTANT_CONVERSION = YES;
				CLANG_WARN_DEPRECATED_OBJC_IMPLEMENTATIONS = YES;
				CLANG_WARN_DIRECT_OBJC_ISA_USAGE = YES_ERROR;
				CLANG_WARN_DOCUMENTATION_COMMENTS = YES;
				CLANG_WARN_EMPTY_BODY = YES;
				CLANG_WARN_ENUM_CONVERSION = YES;
				CLANG_WARN_INFINITE_RECURSION = YES;
				CLANG_WARN_INT_CONVERSION = YES;
				CLANG_WARN_NON_LITERAL_NULL_CONVERSION = YES;
				CLANG_WARN_OBJC_IMPLICIT_RETAIN_SELF = YES;
				CLANG_WARN_OBJC_LITERAL_CONVERSION = YES;
				CLANG_WARN_OBJC_ROOT_CLASS = YES_ERROR;
				CLANG_WARN_QUOTED_INCLUDE_IN_FRAMEWORK_HEADER = YES;
				CLANG_WARN_RANGE_LOOP_ANALYSIS = YES;
				CLANG_WARN_STRICT_PROTOTYPES = YES;
				CLANG_WARN_SUSPICIOUS_MOVE = YES;
				CLANG_WARN_UNGUARDED_AVAILABILITY = YES_AGGRESSIVE;
				CLANG_WARN_UNREACHABLE_CODE = YES;
				CLANG_WARN__DUPLICATE_METHOD_MATCH = YES;
				COPY_PHASE_STRIP = NO;
				DEBUG_INFORMATION_FORMAT = "dwarf-with-dsym";
				ENABLE_NS_ASSERTIONS = NO;
				ENABLE_STRICT_OBJC_MSGSEND = YES;
				GCC_C_LANGUAGE_STANDARD = gnu11;
				GCC_NO_COMMON_BLOCKS = YES;
				GCC_WARN_64_TO_32_BIT_CONVERSION = YES;
				GCC_WARN_ABOUT_RETURN_TYPE = YES_ERROR;
				GCC_WARN_UNDECLARED_SELECTOR = YES;
				GCC_WARN_UNINITIALIZED_AUTOS = YES_AGGRESSIVE;
				GCC_WARN_UNUSED_FUNCTION = YES;
				GCC_WARN_UNUSED_VARIABLE = YES;
				IPHONEOS_DEPLOYMENT_TARGET = 15.0;
				MTL_ENABLE_DEBUG_INFO = NO;
				MTL_FAST_MATH = YES;
				SDKROOT = iphoneos;
				SWIFT_COMPILATION_MODE = wholemodule;
				SWIFT_OPTIMIZATION_LEVEL = "-O";
				VALIDATE_PRODUCT = YES;
			};
			name = Release;
		};
		B37BCD822757A6FE007CA1AB /* Debug */ = {
			isa = XCBuildConfiguration;
			buildSettings = {
				ASSETCATALOG_COMPILER_APPICON_NAME = AppIcon;
				ASSETCATALOG_COMPILER_GLOBAL_ACCENT_COLOR_NAME = AccentColor;
				CODE_SIGN_STYLE = Automatic;
				CURRENT_PROJECT_VERSION = 1;
				DEVELOPMENT_TEAM = 42BPZX28NR;
				GENERATE_INFOPLIST_FILE = YES;
				INFOPLIST_FILE = MyDietDiaryApp2/Info.plist;
				INFOPLIST_KEY_UIApplicationSupportsIndirectInputEvents = YES;
				INFOPLIST_KEY_UILaunchStoryboardName = LaunchScreen;
				INFOPLIST_KEY_UIMainStoryboardFile = Main;
				INFOPLIST_KEY_UISupportedInterfaceOrientations_iPad = "UIInterfaceOrientationPortrait UIInterfaceOrientationPortraitUpsideDown UIInterfaceOrientationLandscapeLeft UIInterfaceOrientationLandscapeRight";
				INFOPLIST_KEY_UISupportedInterfaceOrientations_iPhone = "UIInterfaceOrientationPortrait UIInterfaceOrientationLandscapeLeft UIInterfaceOrientationLandscapeRight";
				LD_RUNPATH_SEARCH_PATHS = (
					"$(inherited)",
					"@executable_path/Frameworks",
				);
				MARKETING_VERSION = 1.0;
				PRODUCT_BUNDLE_IDENTIFIER = com.junichi.MyDietDiaryApp2;
				PRODUCT_NAME = "$(TARGET_NAME)";
				SWIFT_EMIT_LOC_STRINGS = YES;
				SWIFT_VERSION = 5.0;
				TARGETED_DEVICE_FAMILY = "1,2";
			};
			name = Debug;
		};
		B37BCD832757A6FE007CA1AB /* Release */ = {
			isa = XCBuildConfiguration;
			buildSettings = {
				ASSETCATALOG_COMPILER_APPICON_NAME = AppIcon;
				ASSETCATALOG_COMPILER_GLOBAL_ACCENT_COLOR_NAME = AccentColor;
				CODE_SIGN_STYLE = Automatic;
				CURRENT_PROJECT_VERSION = 1;
				DEVELOPMENT_TEAM = 42BPZX28NR;
				GENERATE_INFOPLIST_FILE = YES;
				INFOPLIST_FILE = MyDietDiaryApp2/Info.plist;
				INFOPLIST_KEY_UIApplicationSupportsIndirectInputEvents = YES;
				INFOPLIST_KEY_UILaunchStoryboardName = LaunchScreen;
				INFOPLIST_KEY_UIMainStoryboardFile = Main;
				INFOPLIST_KEY_UISupportedInterfaceOrientations_iPad = "UIInterfaceOrientationPortrait UIInterfaceOrientationPortraitUpsideDown UIInterfaceOrientationLandscapeLeft UIInterfaceOrientationLandscapeRight";
				INFOPLIST_KEY_UISupportedInterfaceOrientations_iPhone = "UIInterfaceOrientationPortrait UIInterfaceOrientationLandscapeLeft UIInterfaceOrientationLandscapeRight";
				LD_RUNPATH_SEARCH_PATHS = (
					"$(inherited)",
					"@executable_path/Frameworks",
				);
				MARKETING_VERSION = 1.0;
				PRODUCT_BUNDLE_IDENTIFIER = com.junichi.MyDietDiaryApp2;
				PRODUCT_NAME = "$(TARGET_NAME)";
				SWIFT_EMIT_LOC_STRINGS = YES;
				SWIFT_VERSION = 5.0;
				TARGETED_DEVICE_FAMILY = "1,2";
			};
			name = Release;
		};
		B37BCD852757A6FE007CA1AB /* Debug */ = {
			isa = XCBuildConfiguration;
			buildSettings = {
				ALWAYS_EMBED_SWIFT_STANDARD_LIBRARIES = YES;
				BUNDLE_LOADER = "$(TEST_HOST)";
				CODE_SIGN_STYLE = Automatic;
				CURRENT_PROJECT_VERSION = 1;
				DEVELOPMENT_TEAM = 42BPZX28NR;
				GENERATE_INFOPLIST_FILE = YES;
				IPHONEOS_DEPLOYMENT_TARGET = 15.0;
				LD_RUNPATH_SEARCH_PATHS = (
					"$(inherited)",
					"@executable_path/Frameworks",
					"@loader_path/Frameworks",
				);
				MARKETING_VERSION = 1.0;
				PRODUCT_BUNDLE_IDENTIFIER = com.junichi.MyDietDiaryApp2Tests;
				PRODUCT_NAME = "$(TARGET_NAME)";
				SWIFT_EMIT_LOC_STRINGS = NO;
				SWIFT_VERSION = 5.0;
				TARGETED_DEVICE_FAMILY = "1,2";
				TEST_HOST = "$(BUILT_PRODUCTS_DIR)/MyDietDiaryApp2.app/MyDietDiaryApp2";
			};
			name = Debug;
		};
		B37BCD862757A6FE007CA1AB /* Release */ = {
			isa = XCBuildConfiguration;
			buildSettings = {
				ALWAYS_EMBED_SWIFT_STANDARD_LIBRARIES = YES;
				BUNDLE_LOADER = "$(TEST_HOST)";
				CODE_SIGN_STYLE = Automatic;
				CURRENT_PROJECT_VERSION = 1;
				DEVELOPMENT_TEAM = 42BPZX28NR;
				GENERATE_INFOPLIST_FILE = YES;
				IPHONEOS_DEPLOYMENT_TARGET = 15.0;
				LD_RUNPATH_SEARCH_PATHS = (
					"$(inherited)",
					"@executable_path/Frameworks",
					"@loader_path/Frameworks",
				);
				MARKETING_VERSION = 1.0;
				PRODUCT_BUNDLE_IDENTIFIER = com.junichi.MyDietDiaryApp2Tests;
				PRODUCT_NAME = "$(TARGET_NAME)";
				SWIFT_EMIT_LOC_STRINGS = NO;
				SWIFT_VERSION = 5.0;
				TARGETED_DEVICE_FAMILY = "1,2";
				TEST_HOST = "$(BUILT_PRODUCTS_DIR)/MyDietDiaryApp2.app/MyDietDiaryApp2";
			};
			name = Release;
		};
		B37BCD882757A6FE007CA1AB /* Debug */ = {
			isa = XCBuildConfiguration;
			buildSettings = {
				ALWAYS_EMBED_SWIFT_STANDARD_LIBRARIES = YES;
				CODE_SIGN_STYLE = Automatic;
				CURRENT_PROJECT_VERSION = 1;
				DEVELOPMENT_TEAM = 42BPZX28NR;
				GENERATE_INFOPLIST_FILE = YES;
				LD_RUNPATH_SEARCH_PATHS = (
					"$(inherited)",
					"@executable_path/Frameworks",
					"@loader_path/Frameworks",
				);
				MARKETING_VERSION = 1.0;
				PRODUCT_BUNDLE_IDENTIFIER = com.junichi.MyDietDiaryApp2UITests;
				PRODUCT_NAME = "$(TARGET_NAME)";
				SWIFT_EMIT_LOC_STRINGS = NO;
				SWIFT_VERSION = 5.0;
				TARGETED_DEVICE_FAMILY = "1,2";
				TEST_TARGET_NAME = MyDietDiaryApp2;
			};
			name = Debug;
		};
		B37BCD892757A6FE007CA1AB /* Release */ = {
			isa = XCBuildConfiguration;
			buildSettings = {
				ALWAYS_EMBED_SWIFT_STANDARD_LIBRARIES = YES;
				CODE_SIGN_STYLE = Automatic;
				CURRENT_PROJECT_VERSION = 1;
				DEVELOPMENT_TEAM = 42BPZX28NR;
				GENERATE_INFOPLIST_FILE = YES;
				LD_RUNPATH_SEARCH_PATHS = (
					"$(inherited)",
					"@executable_path/Frameworks",
					"@loader_path/Frameworks",
				);
				MARKETING_VERSION = 1.0;
				PRODUCT_BUNDLE_IDENTIFIER = com.junichi.MyDietDiaryApp2UITests;
				PRODUCT_NAME = "$(TARGET_NAME)";
				SWIFT_EMIT_LOC_STRINGS = NO;
				SWIFT_VERSION = 5.0;
				TARGETED_DEVICE_FAMILY = "1,2";
				TEST_TARGET_NAME = MyDietDiaryApp2;
			};
			name = Release;
		};
/* End XCBuildConfiguration section */

/* Begin XCConfigurationList section */
		B37BCD522757A6FC007CA1AB /* Build configuration list for PBXProject "MyDietDiaryApp2" */ = {
			isa = XCConfigurationList;
			buildConfigurations = (
				B37BCD7F2757A6FE007CA1AB /* Debug */,
				B37BCD802757A6FE007CA1AB /* Release */,
			);
			defaultConfigurationIsVisible = 0;
			defaultConfigurationName = Release;
		};
		B37BCD812757A6FE007CA1AB /* Build configuration list for PBXNativeTarget "MyDietDiaryApp2" */ = {
			isa = XCConfigurationList;
			buildConfigurations = (
				B37BCD822757A6FE007CA1AB /* Debug */,
				B37BCD832757A6FE007CA1AB /* Release */,
			);
			defaultConfigurationIsVisible = 0;
			defaultConfigurationName = Release;
		};
		B37BCD842757A6FE007CA1AB /* Build configuration list for PBXNativeTarget "MyDietDiaryApp2Tests" */ = {
			isa = XCConfigurationList;
			buildConfigurations = (
				B37BCD852757A6FE007CA1AB /* Debug */,
				B37BCD862757A6FE007CA1AB /* Release */,
			);
			defaultConfigurationIsVisible = 0;
			defaultConfigurationName = Release;
		};
		B37BCD872757A6FE007CA1AB /* Build configuration list for PBXNativeTarget "MyDietDiaryApp2UITests" */ = {
			isa = XCConfigurationList;
			buildConfigurations = (
				B37BCD882757A6FE007CA1AB /* Debug */,
				B37BCD892757A6FE007CA1AB /* Release */,
			);
			defaultConfigurationIsVisible = 0;
			defaultConfigurationName = Release;
		};
/* End XCConfigurationList section */
	};
	rootObject = B37BCD4F2757A6FC007CA1AB /* Project object */;
}
